
Microsoft Visual Studio Solution File, Format Version 12.00
# Visual Studio Version 17
VisualStudioVersion = 17.2.32630.192
MinimumVisualStudioVersion = 10.0.40219.1
Project("{FAE04EC0-301F-11D3-BF4B-00C04F79EFBC}") = "CSV.Domain", "CSV.Domain\CSV.Domain.csproj", "{F4E8D451-0BE3-42A2-A0F2-45C9C5F04684}"
EndProject
Project("{FAE04EC0-301F-11D3-BF4B-00C04F79EFBC}") = "XML.Domain", "XML.Domain\XML.Domain.csproj", "{5766C0F8-8EB9-40F7-9B0C-1A7C716AFB32}"
EndProject
Project("{FAE04EC0-301F-11D3-BF4B-00C04F79EFBC}") = "TXT.Domain", "TXT.Domain\TXT.Domain.csproj", "{5D0693E5-C367-45A2-880C-E001B3FABDEA}"
EndProject
Project("{FAE04EC0-301F-11D3-BF4B-00C04F79EFBC}") = "Test.Application", "Test.Application\Test.Application.csproj", "{D15210A4-9323-4652-82AE-0D5D90F80B98}"
EndProject
Global
	GlobalSection(SolutionConfigurationPlatforms) = preSolution
		Debug|Any CPU = Debug|Any CPU
		Release|Any CPU = Release|Any CPU
	EndGlobalSection
	GlobalSection(ProjectConfigurationPlatforms) = postSolution
		{F4E8D451-0BE3-42A2-A0F2-45C9C5F04684}.Debug|Any CPU.ActiveCfg = Debug|Any CPU
		{F4E8D451-0BE3-42A2-A0F2-45C9C5F04684}.Debug|Any CPU.Build.0 = Debug|Any CPU
		{F4E8D451-0BE3-42A2-A0F2-45C9C5F04684}.Release|Any CPU.ActiveCfg = Release|Any CPU
		{F4E8D451-0BE3-42A2-A0F2-45C9C5F04684}.Release|Any CPU.Build.0 = Release|Any CPU
		{5766C0F8-8EB9-40F7-9B0C-1A7C716AFB32}.Debug|Any CPU.ActiveCfg = Debug|Any CPU
		{5766C0F8-8EB9-40F7-9B0C-1A7C716AFB32}.Debug|Any CPU.Build.0 = Debug|Any CPU
		{5766C0F8-8EB9-40F7-9B0C-1A7C716AFB32}.Release|Any CPU.ActiveCfg = Release|Any CPU
		{5766C0F8-8EB9-40F7-9B0C-1A7C716AFB32}.Release|Any CPU.Build.0 = Release|Any CPU
		{5D0693E5-C367-45A2-880C-E001B3FABDEA}.Debug|Any CPU.ActiveCfg = Debug|Any CPU
		{5D0693E5-C367-45A2-880C-E001B3FABDEA}.Debug|Any CPU.Build.0 = Debug|Any CPU
		{5D0693E5-C367-45A2-880C-E001B3FABDEA}.Release|Any CPU.ActiveCfg = Release|Any CPU
		{5D0693E5-C367-45A2-880C-E001B3FABDEA}.Release|Any CPU.Build.0 = Release|Any CPU
		{D15210A4-9323-4652-82AE-0D5D90F80B98}.Debug|Any CPU.ActiveCfg = Debug|Any CPU
		{D15210A4-9323-4652-82AE-0D5D90F80B98}.Debug|Any CPU.Build.0 = Debug|Any CPU
		{D15210A4-9323-4652-82AE-0D5D90F80B98}.Release|Any CPU.ActiveCfg = Release|Any CPU
		{D15210A4-9323-4652-82AE-0D5D90F80B98}.Release|Any CPU.Build.0 = Release|Any CPU
	EndGlobalSection
	GlobalSection(SolutionProperties) = preSolution
		HideSolutionNode = FALSE
	EndGlobalSection
	GlobalSection(ExtensibilityGlobals) = postSolution
		SolutionGuid = {FBF211D1-4BC5-4892-9C34-E4268525A51B}
	EndGlobalSection
EndGlobal
